
Microsoft Visual Studio Solution File, Format Version 12.00
# Visual Studio 15
VisualStudioVersion = 15.0.28307.1433
MinimumVisualStudioVersion = 10.0.40219.1
Project("{FAE04EC0-301F-11D3-BF4B-00C04F79EFBC}") = "MYProject", "MYProject\MYProject.csproj", "{22649644-C008-4BE2-B4ED-F9A5B57FB138}"
EndProject
Global
	GlobalSection(SolutionConfigurationPlatforms) = preSolution
		Debug|Any CPU = Debug|Any CPU
		Release|Any CPU = Release|Any CPU
	EndGlobalSection
	GlobalSection(ProjectConfigurationPlatforms) = postSolution
		{22649644-C008-4BE2-B4ED-F9A5B57FB138}.Debug|Any CPU.ActiveCfg = Debug|Any CPU
		{22649644-C008-4BE2-B4ED-F9A5B57FB138}.Debug|Any CPU.Build.0 = Debug|Any CPU
		{22649644-C008-4BE2-B4ED-F9A5B57FB138}.Release|Any CPU.ActiveCfg = Release|Any CPU
		{22649644-C008-4BE2-B4ED-F9A5B57FB138}.Release|Any CPU.Build.0 = Release|Any CPU
	EndGlobalSection
	GlobalSection(SolutionProperties) = preSolution
		HideSolutionNode = FALSE
	EndGlobalSection
	GlobalSection(ExtensibilityGlobals) = postSolution
		SolutionGuid = {54E298CA-5273-45C1-ADB4-188B88922F6B}
	EndGlobalSection
EndGlobal
